// !$*UTF8*$!
{
	archiveVersion = 1;
	classes = {
	};
	objectVersion = 46;
	objects = {

/* Begin PBXBuildFile section */
		CCDD27731E2712CA002CFD38 /* main.m in Sources */ = {isa = PBXBuildFile; fileRef = CCDD27721E2712CA002CFD38 /* main.m */; };
		CCDD27761E2712CA002CFD38 /* AppDelegate.m in Sources */ = {isa = PBXBuildFile; fileRef = CCDD27751E2712CA002CFD38 /* AppDelegate.m */; };
		CCDD27791E2712CB002CFD38 /* ViewController.m in Sources */ = {isa = PBXBuildFile; fileRef = CCDD27781E2712CB002CFD38 /* ViewController.m */; };
		CCDD277C1E2712CB002CFD38 /* Main.storyboard in Resources */ = {isa = PBXBuildFile; fileRef = CCDD277A1E2712CB002CFD38 /* Main.storyboard */; };
		CCDD277E1E2712CB002CFD38 /* Assets.xcassets in Resources */ = {isa = PBXBuildFile; fileRef = CCDD277D1E2712CB002CFD38 /* Assets.xcassets */; };
		CCDD27811E2712CB002CFD38 /* LaunchScreen.storyboard in Resources */ = {isa = PBXBuildFile; fileRef = CCDD277F1E2712CB002CFD38 /* LaunchScreen.storyboard */; };
/* End PBXBuildFile section */

/* Begin PBXFileReference section */
		CCDD276E1E2712CA002CFD38 /* test.app */ = {isa = PBXFileReference; explicitFileType = wrapper.application; includeInIndex = 0; path = test.app; sourceTree = BUILT_PRODUCTS_DIR; };
		CCDD27721E2712CA002CFD38 /* main.m */ = {isa = PBXFileReference; lastKnownFileType = sourcecode.c.objc; path = main.m; sourceTree = "<group>"; };
		CCDD27741E2712CA002CFD38 /* AppDelegate.h */ = {isa = PBXFileReference; lastKnownFileType = sourcecode.c.h; path = AppDelegate.h; sourceTree = "<group>"; };
		CCDD27751E2712CA002CFD38 /* AppDelegate.m */ = {isa = PBXFileReference; lastKnownFileType = sourcecode.c.objc; path = AppDelegate.m; sourceTree = "<group>"; };
		CCDD27771E2712CA002CFD38 /* ViewController.h */ = {isa = PBXFileReference; lastKnownFileType = sourcecode.c.h; path = ViewController.h; sourceTree = "<group>"; };
		CCDD27781E2712CB002CFD38 /* ViewController.m */ = {isa = PBXFileReference; lastKnownFileType = sourcecode.c.objc; path = ViewController.m; sourceTree = "<group>"; };
		CCDD277B1E2712CB002CFD38 /* Base */ = {isa = PBXFileReference; lastKnownFileType = file.storyboard; name = Base; path = Base.lproj/Main.storyboard; sourceTree = "<group>"; };
		CCDD277D1E2712CB002CFD38 /* Assets.xcassets */ = {isa = PBXFileReference; lastKnownFileType = folder.assetcatalog; path = Assets.xcassets; sourceTree = "<group>"; };
		CCDD27801E2712CB002CFD38 /* Base */ = {isa = PBXFileReference; lastKnownFileType = file.storyboard; name = Base; path = Base.lproj/LaunchScreen.storyboard; sourceTree = "<group>"; };
		CCDD27821E2712CB002CFD38 /* Info.plist */ = {isa = PBXFileReference; lastKnownFileType = text.plist.xml; path = Info.plist; sourceTree = "<group>"; };
/* End PBXFileReference section */

/* Begin PBXFrameworksBuildPhase section */
		CCDD276B1E2712CA002CFD38 /* Frameworks */ = {
			isa = PBXFrameworksBuildPhase;
			buildActionMask = 2147483647;
			files = (
			);
			runOnlyForDeploymentPostprocessing = 0;
		};
/* End PBXFrameworksBuildPhase section */

/* Begin PBXGroup section */
		CCDD27651E2712CA002CFD38 = {
			isa = PBXGroup;
			children = (
				CCDD27701E2712CA002CFD38 /* test */,
				CCDD276F1E2712CA002CFD38 /* Products */,
			);
			sourceTree = "<group>";
		};
		CCDD276F1E2712CA002CFD38 /* Products */ = {
			isa = PBXGroup;
			children = (
				CCDD276E1E2712CA002CFD38 /* test.app */,
			);
			name = Products;
			sourceTree = "<group>";
		};
		CCDD27701E2712CA002CFD38 /* test */ = {
			isa = PBXGroup;
			children = (
				CCDD27741E2712CA002CFD38 /* AppDelegate.h */,
				CCDD27751E2712CA002CFD38 /* AppDelegate.m */,
				CCDD27771E2712CA002CFD38 /* ViewController.h */,
				CCDD27781E2712CB002CFD38 /* ViewController.m */,
				CCDD277A1E2712CB002CFD38 /* Main.storyboard */,
				CCDD277D1E2712CB002CFD38 /* Assets.xcassets */,
				CCDD277F1E2712CB002CFD38 /* LaunchScreen.storyboard */,
				CCDD27821E2712CB002CFD38 /* Info.plist */,
				CCDD27711E2712CA002CFD38 /* Supporting Files */,
			);
			path = test;
			sourceTree = "<group>";
		};
		CCDD27711E2712CA002CFD38 /* Supporting Files */ = {
			isa = PBXGroup;
			children = (
				CCDD27721E2712CA002CFD38 /* main.m */,
			);
			name = "Supporting Files";
			sourceTree = "<group>";
		};
/* End PBXGroup section */

/* Begin PBXNativeTarget section */
		CCDD276D1E2712CA002CFD38 /* test */ = {
			isa = PBXNativeTarget;
			buildConfigurationList = CCDD27851E2712CB002CFD38 /* Build configuration list for PBXNativeTarget "test" */;
			buildPhases = (
				CCDD276A1E2712CA002CFD38 /* Sources */,
				CCDD276B1E2712CA002CFD38 /* Frameworks */,
				CCDD276C1E2712CA002CFD38 /* Resources */,
			);
			buildRules = (
			);
			dependencies = (
			);
			name = test;
			productName = test;
			productReference = CCDD276E1E2712CA002CFD38 /* test.app */;
			productType = "com.apple.product-type.application";
		};
/* End PBXNativeTarget section */

/* Begin PBXProject section */
		CCDD27661E2712CA002CFD38 /* Project object */ = {
			isa = PBXProject;
			attributes = {
				LastUpgradeCheck = 0820;
				ORGANIZATIONNAME = deviceone;
				TargetAttributes = {
					CCDD276D1E2712CA002CFD38 = {
						CreatedOnToolsVersion = 8.2.1;
						ProvisioningStyle = Automatic;
					};
				};
			};
			buildConfigurationList = CCDD27691E2712CA002CFD38 /* Build configuration list for PBXProject "test" */;
			compatibilityVersion = "Xcode 3.2";
			developmentRegion = English;
			hasScannedForEncodings = 0;
			knownRegions = (
				en,
				Base,
			);
			mainGroup = CCDD27651E2712CA002CFD38;
			productRefGroup = CCDD276F1E2712CA002CFD38 /* Products */;
			projectDirPath = "";
			projectRoot = "";
			targets = (
				CCDD276D1E2712CA002CFD38 /* test */,
			);
		};
/* End PBXProject section */

/* Begin PBXResourcesBuildPhase section */
		CCDD276C1E2712CA002CFD38 /* Resources */ = {
			isa = PBXResourcesBuildPhase;
			buildActionMask = 2147483647;
			files = (
				CCDD27811E2712CB002CFD38 /* LaunchScreen.storyboard in Resources */,
				CCDD277E1E2712CB002CFD38 /* Assets.xcassets in Resources */,
				CCDD277C1E2712CB002CFD38 /* Main.storyboard in Resources */,
			);
			runOnlyForDeploymentPostprocessing = 0;
		};
/* End PBXResourcesBuildPhase section */

/* Begin PBXSourcesBuildPhase section */
		CCDD276A1E2712CA002CFD38 /* Sources */ = {
			isa = PBXSourcesBuildPhase;
			buildActionMask = 2147483647;
			files = (
				CCDD27791E2712CB002CFD38 /* ViewController.m in Sources */,
				CCDD27761E2712CA002CFD38 /* AppDelegate.m in Sources */,
				CCDD27731E2712CA002CFD38 /* main.m in Sources */,
			);
			runOnlyForDeploymentPostprocessing = 0;
		};
/* End PBXSourcesBuildPhase section */

/* Begin PBXVariantGroup section */
		CCDD277A1E2712CB002CFD38 /* Main.storyboard */ = {
			isa = PBXVariantGroup;
			children = (
				CCDD277B1E2712CB002CFD38 /* Base */,
			);
			name = Main.storyboard;
			sourceTree = "<group>";
		};
		CCDD277F1E2712CB002CFD38 /* LaunchScreen.storyboard */ = {
			isa = PBXVariantGroup;
			children = (
				CCDD27801E2712CB002CFD38 /* Base */,
			);
			name = LaunchScreen.storyboard;
			sourceTree = "<group>";
		};
/* End PBXVariantGroup section */

/* Begin XCBuildConfiguration section */
		CCDD27831E2712CB002CFD38 /* Debug */ = {
			isa = XCBuildConfiguration;
			buildSettings = {
				ALWAYS_SEARCH_USER_PATHS = NO;
				CLANG_ANALYZER_NONNULL = YES;
				CLANG_CXX_LANGUAGE_STANDARD = "gnu++0x";
				CLANG_CXX_LIBRARY = "libc++";
				CLANG_ENABLE_MODULES = YES;
				CLANG_ENABLE_OBJC_ARC = YES;
				CLANG_WARN_BOOL_CONVERSION = YES;
				CLANG_WARN_CONSTANT_CONVERSION = YES;
				CLANG_WARN_DIRECT_OBJC_ISA_USAGE = YES_ERROR;
				CLANG_WARN_DOCUMENTATION_COMMENTS = YES;
				CLANG_WARN_EMPTY_BODY = YES;
				CLANG_WARN_ENUM_CONVERSION = YES;
				CLANG_WARN_INFINITE_RECURSION = YES;
				CLANG_WARN_INT_CONVERSION = YES;
				CLANG_WARN_OBJC_ROOT_CLASS = YES_ERROR;
				CLANG_WARN_SUSPICIOUS_MOVE = YES;
				CLANG_WARN_UNREACHABLE_CODE = YES;
				CLANG_WARN__DUPLICATE_METHOD_MATCH = YES;
				"CODE_SIGN_IDENTITY[sdk=iphoneos*]" = "iPhone Developer";
				COPY_PHASE_STRIP = NO;
				DEBUG_INFORMATION_FORMAT = dwarf;
				ENABLE_STRICT_OBJC_MSGSEND = YES;
				ENABLE_TESTABILITY = YES;
				GCC_C_LANGUAGE_STANDARD = gnu99;
				GCC_DYNAMIC_NO_PIC = NO;
				GCC_NO_COMMON_BLOCKS = YES;
				GCC_OPTIMIZATION_LEVEL = 0;
				GCC_PREPROCESSOR_DEFINITIONS = (
					"DEBUG=1",
					"$(inherited)",
				);
				GCC_WARN_64_TO_32_BIT_CONVERSION = YES;
				GCC_WARN_ABOUT_RETURN_TYPE = YES_ERROR;
				GCC_WARN_UNDECLARED_SELECTOR = YES;
				GCC_WARN_UNINITIALIZED_AUTOS = YES_AGGRESSIVE;
				GCC_WARN_UNUSED_FUNCTION = YES;
				GCC_WARN_UNUSED_VARIABLE = YES;
				IPHONEOS_DEPLOYMENT_TARGET = 10.2;
				MTL_ENABLE_DEBUG_INFO = YES;
				ONLY_ACTIVE_ARCH = YES;
				SDKROOT = iphoneos;
				TARGETED_DEVICE_FAMILY = "1,2";
			};
			name = Debug;
		};
		CCDD27841E2712CB002CFD38 /* Release */ = {
			isa = XCBuildConfiguration;
			buildSettings = {
				ALWAYS_SEARCH_USER_PATHS = NO;
				CLANG_ANALYZER_NONNULL = YES;
				CLANG_CXX_LANGUAGE_STANDARD = "gnu++0x";
				CLANG_CXX_LIBRARY = "libc++";
				CLANG_ENABLE_MODULES = YES;
				CLANG_ENABLE_OBJC_ARC = YES;
				CLANG_WARN_BOOL_CONVERSION = YES;
				CLANG_WARN_CONSTANT_CONVERSION = YES;
				CLANG_WARN_DIRECT_OBJC_ISA_USAGE = YES_ERROR;
				CLANG_WARN_DOCUMENTATION_COMMENTS = YES;
				CLANG_WARN_EMPTY_BODY = YES;
				CLANG_WARN_ENUM_CONVERSION = YES;
				CLANG_WARN_INFINITE_RECURSION = YES;
				CLANG_WARN_INT_CONVERSION = YES;
				CLANG_WARN_OBJC_ROOT_CLASS = YES_ERROR;
				CLANG_WARN_SUSPICIOUS_MOVE = YES;
				CLANG_WARN_UNREACHABLE_CODE = YES;
				CLANG_WARN__DUPLICATE_METHOD_MATCH = YES;
				"CODE_SIGN_IDENTITY[sdk=iphoneos*]" = "iPhone Developer";
				COPY_PHASE_STRIP = NO;
				DEBUG_INFORMATION_FORMAT = "dwarf-with-dsym";
				ENABLE_NS_ASSERTIONS = NO;
				ENABLE_STRICT_OBJC_MSGSEND = YES;
				GCC_C_LANGUAGE_STANDARD = gnu99;
				GCC_NO_COMMON_BLOCKS = YES;
				GCC_WARN_64_TO_32_BIT_CONVERSION = YES;
				GCC_WARN_ABOUT_RETURN_TYPE = YES_ERROR;
				GCC_WARN_UNDECLARED_SELECTOR = YES;
				GCC_WARN_UNINITIALIZED_AUTOS = YES_AGGRESSIVE;
				GCC_WARN_UNUSED_FUNCTION = YES;
				GCC_WARN_UNUSED_VARIABLE = YES;
				IPHONEOS_DEPLOYMENT_TARGET = 10.2;
				MTL_ENABLE_DEBUG_INFO = NO;
				SDKROOT = iphoneos;
				TARGETED_DEVICE_FAMILY = "1,2";
				VALIDATE_PRODUCT = YES;
			};
			name = Release;
		};
		CCDD27861E2712CB002CFD38 /* Debug */ = {
			isa = XCBuildConfiguration;
			buildSettings = {
				ASSETCATALOG_COMPILER_APPICON_NAME = AppIcon;
				INFOPLIST_FILE = test/Info.plist;
				LD_RUNPATH_SEARCH_PATHS = "$(inherited) @executable_path/Frameworks";
				PRODUCT_BUNDLE_IDENTIFIER = net.deviceone.test;
				PRODUCT_NAME = "$(TARGET_NAME)";
			};
			name = Debug;
		};
		CCDD27871E2712CB002CFD38 /* Release */ = {
			isa = XCBuildConfiguration;
			buildSettings = {
				ASSETCATALOG_COMPILER_APPICON_NAME = AppIcon;
				INFOPLIST_FILE = test/Info.plist;
				LD_RUNPATH_SEARCH_PATHS = "$(inherited) @executable_path/Frameworks";
				PRODUCT_BUNDLE_IDENTIFIER = net.deviceone.test;
				PRODUCT_NAME = "$(TARGET_NAME)";
			};
			name = Release;
		};
/* End XCBuildConfiguration section */

/* Begin XCConfigurationList section */
		CCDD27691E2712CA002CFD38 /* Build configuration list for PBXProject "test" */ = {
			isa = XCConfigurationList;
			buildConfigurations = (
				CCDD27831E2712CB002CFD38 /* Debug */,
				CCDD27841E2712CB002CFD38 /* Release */,
			);
			defaultConfigurationIsVisible = 0;
			defaultConfigurationName = Release;
		};
		CCDD27851E2712CB002CFD38 /* Build configuration list for PBXNativeTarget "test" */ = {
			isa = XCConfigurationList;
			buildConfigurations = (
				CCDD27861E2712CB002CFD38 /* Debug */,
				CCDD27871E2712CB002CFD38 /* Release */,
			);
			defaultConfigurationIsVisible = 0;
		};
/* End XCConfigurationList section */
	};
	rootObject = CCDD27661E2712CA002CFD38 /* Project object */;
}
